
Microsoft Visual Studio Solution File, Format Version 12.00
# Visual Studio Version 16
VisualStudioVersion = 16.0.29326.143
MinimumVisualStudioVersion = 10.0.40219.1
Project("{8BC9CEB8-8B4A-11D0-8D11-00A0C91BC942}") = "tree_level_order", "tree_level_order\tree_level_order.vcxproj", "{547DE344-AC33-4A5A-A5D2-546CCB50372C}"
EndProject
Global
	GlobalSection(SolutionConfigurationPlatforms) = preSolution
		Debug|x64 = Debug|x64
		Debug|x86 = Debug|x86
		Release|x64 = Release|x64
		Release|x86 = Release|x86
	EndGlobalSection
	GlobalSection(ProjectConfigurationPlatforms) = postSolution
		{547DE344-AC33-4A5A-A5D2-546CCB50372C}.Debug|x64.ActiveCfg = Debug|x64
		{547DE344-AC33-4A5A-A5D2-546CCB50372C}.Debug|x64.Build.0 = Debug|x64
		{547DE344-AC33-4A5A-A5D2-546CCB50372C}.Debug|x86.ActiveCfg = Debug|Win32
		{547DE344-AC33-4A5A-A5D2-546CCB50372C}.Debug|x86.Build.0 = Debug|Win32
		{547DE344-AC33-4A5A-A5D2-546CCB50372C}.Release|x64.ActiveCfg = Release|x64
		{547DE344-AC33-4A5A-A5D2-546CCB50372C}.Release|x64.Build.0 = Release|x64
		{547DE344-AC33-4A5A-A5D2-546CCB50372C}.Release|x86.ActiveCfg = Release|Win32
		{547DE344-AC33-4A5A-A5D2-546CCB50372C}.Release|x86.Build.0 = Release|Win32
	EndGlobalSection
	GlobalSection(SolutionProperties) = preSolution
		HideSolutionNode = FALSE
	EndGlobalSection
	GlobalSection(ExtensibilityGlobals) = postSolution
		SolutionGuid = {5C849A0D-6674-4FB5-A085-01B173909B4A}
	EndGlobalSection
EndGlobal
